
Microsoft Visual Studio Solution File, Format Version 12.00
# Visual Studio Version 16
VisualStudioVersion = 16.0.29215.179
MinimumVisualStudioVersion = 10.0.40219.1
Project("{FAE04EC0-301F-11D3-BF4B-00C04F79EFBC}") = "CircustreinV2", "CircustreinV2\CircustreinV2.csproj", "{30EC340B-DE89-4C8C-A9F0-449D7B72009F}"
EndProject
Project("{FAE04EC0-301F-11D3-BF4B-00C04F79EFBC}") = "CircustreinV2Tests", "CircustreinV2Tests\CircustreinV2Tests.csproj", "{ACB99B06-5119-4BF8-9D4F-B65CCFE92007}"
EndProject
Global
	GlobalSection(SolutionConfigurationPlatforms) = preSolution
		Debug|Any CPU = Debug|Any CPU
		Release|Any CPU = Release|Any CPU
	EndGlobalSection
	GlobalSection(ProjectConfigurationPlatforms) = postSolution
		{30EC340B-DE89-4C8C-A9F0-449D7B72009F}.Debug|Any CPU.ActiveCfg = Debug|Any CPU
		{30EC340B-DE89-4C8C-A9F0-449D7B72009F}.Debug|Any CPU.Build.0 = Debug|Any CPU
		{30EC340B-DE89-4C8C-A9F0-449D7B72009F}.Release|Any CPU.ActiveCfg = Release|Any CPU
		{30EC340B-DE89-4C8C-A9F0-449D7B72009F}.Release|Any CPU.Build.0 = Release|Any CPU
		{ACB99B06-5119-4BF8-9D4F-B65CCFE92007}.Debug|Any CPU.ActiveCfg = Debug|Any CPU
		{ACB99B06-5119-4BF8-9D4F-B65CCFE92007}.Debug|Any CPU.Build.0 = Debug|Any CPU
		{ACB99B06-5119-4BF8-9D4F-B65CCFE92007}.Release|Any CPU.ActiveCfg = Release|Any CPU
		{ACB99B06-5119-4BF8-9D4F-B65CCFE92007}.Release|Any CPU.Build.0 = Release|Any CPU
	EndGlobalSection
	GlobalSection(SolutionProperties) = preSolution
		HideSolutionNode = FALSE
	EndGlobalSection
	GlobalSection(ExtensibilityGlobals) = postSolution
		SolutionGuid = {FE648BA8-4A65-4499-9D7B-D720A9E8C348}
	EndGlobalSection
EndGlobal
